
Microsoft Visual Studio Solution File, Format Version 9.00
# Visual Studio 2005
Project("{FAE04EC0-301F-11D3-BF4B-00C04F79EFBC}") = "PaletteGroupbar_2005", "PaletteGroupbar_2005.csproj", "{377F0250-CEB1-4633-8000-4989BFE0D6EA}"
EndProject
Global
	GlobalSection(SolutionConfigurationPlatforms) = preSolution
		Debug|Any CPU = Debug|Any CPU
		Release|Any CPU = Release|Any CPU
	EndGlobalSection
	GlobalSection(ProjectConfigurationPlatforms) = postSolution
		{377F0250-CEB1-4633-8000-4989BFE0D6EA}.Debug|Any CPU.ActiveCfg = Debug|Any CPU
		{377F0250-CEB1-4633-8000-4989BFE0D6EA}.Debug|Any CPU.Build.0 = Debug|Any CPU
		{377F0250-CEB1-4633-8000-4989BFE0D6EA}.Release|Any CPU.ActiveCfg = Release|Any CPU
		{377F0250-CEB1-4633-8000-4989BFE0D6EA}.Release|Any CPU.Build.0 = Release|Any CPU
	EndGlobalSection
	GlobalSection(SolutionProperties) = preSolution
		HideSolutionNode = FALSE
	EndGlobalSection
EndGlobal
