Microsoft Visual Studio Solution File, Format Version 9.00
# Visual Studio 2005
Project("{FAE04EC0-301F-11D3-BF4B-00C04F79EFBC}") = "RecordBinding_2005", "RecordBinding_2005.csproj", "{108B730A-59F9-4802-8E14-C61BA803EDC5}"
EndProject
Global
	GlobalSection(SolutionConfiguration) = preSolution
		ConfigName.0 = Debug
		ConfigName.1 = Release
	EndGlobalSection
	GlobalSection(ProjectDependencies) = postSolution
	EndGlobalSection
	GlobalSection(ProjectConfiguration) = postSolution
		{108B730A-59F9-4802-8E14-C61BA803EDC5}.Debug.ActiveCfg = Debug|.NET
		{108B730A-59F9-4802-8E14-C61BA803EDC5}.Debug.Build.0 = Debug|.NET
		{108B730A-59F9-4802-8E14-C61BA803EDC5}.Release.ActiveCfg = Release|.NET
		{108B730A-59F9-4802-8E14-C61BA803EDC5}.Release.Build.0 = Release|.NET
	EndGlobalSection
	GlobalSection(ExtensibilityGlobals) = postSolution
	EndGlobalSection
	GlobalSection(ExtensibilityAddIns) = postSolution
	EndGlobalSection
EndGlobal
