
Microsoft Visual Studio Solution File, Format Version 9.00
# Visual Studio 2005
Project("{FAE04EC0-301F-11D3-BF4B-00C04F79EFBC}") = "DatabaseDiagram_2005", "DatabaseDiagram_2005.csproj", "{18079754-C3DD-452F-86F2-957587C8A55E}"
EndProject
Global
	GlobalSection(SolutionConfigurationPlatforms) = preSolution
		Debug|Any CPU = Debug|Any CPU
		Release|Any CPU = Release|Any CPU
	EndGlobalSection
	GlobalSection(ProjectConfigurationPlatforms) = postSolution
		{18079754-C3DD-452F-86F2-957587C8A55E}.Debug|Any CPU.ActiveCfg = Debug|Any CPU
		{18079754-C3DD-452F-86F2-957587C8A55E}.Debug|Any CPU.Build.0 = Debug|Any CPU
		{18079754-C3DD-452F-86F2-957587C8A55E}.Release|Any CPU.ActiveCfg = Release|Any CPU
		{18079754-C3DD-452F-86F2-957587C8A55E}.Release|Any CPU.Build.0 = Release|Any CPU
	EndGlobalSection
	GlobalSection(SolutionProperties) = preSolution
		HideSolutionNode = FALSE
	EndGlobalSection
EndGlobal
