
Microsoft Visual Studio Solution File, Format Version 10.00
# Visual Studio 2008
Project("{FAE04EC0-301F-11D3-BF4B-00C04F79EFBC}") = "Grid_2008", "Grid_2008.csproj", "{EE792467-A10E-4511-A186-A9D4D38FBC81}"
EndProject
Global
	GlobalSection(SolutionConfigurationPlatforms) = preSolution
		Debug|Any CPU = Debug|Any CPU
		Release|Any CPU = Release|Any CPU
	EndGlobalSection
	GlobalSection(ProjectConfigurationPlatforms) = postSolution
		{EE792467-A10E-4511-A186-A9D4D38FBC81}.Debug|Any CPU.ActiveCfg = Debug|Any CPU
		{EE792467-A10E-4511-A186-A9D4D38FBC81}.Debug|Any CPU.Build.0 = Debug|Any CPU
		{EE792467-A10E-4511-A186-A9D4D38FBC81}.Release|Any CPU.ActiveCfg = Release|Any CPU
		{EE792467-A10E-4511-A186-A9D4D38FBC81}.Release|Any CPU.Build.0 = Release|Any CPU
	EndGlobalSection
	GlobalSection(SolutionProperties) = preSolution
		HideSolutionNode = FALSE
	EndGlobalSection
EndGlobal
