Microsoft Visual Studio Solution File, Format Version 11.00
# Visual Studio 2010
Project("{FAE04EC0-301F-11D3-BF4B-00C04F79EFBC}") = "MultiRowRecord_2010", "MultiRowRecord_2010.csproj", "{69792033-FAEF-4468-B5C6-94018318DEF0}"
EndProject
Global
	GlobalSection(SolutionConfiguration) = preSolution
		ConfigName.0 = Debug
		ConfigName.1 = Release
	EndGlobalSection
	GlobalSection(ProjectDependencies) = postSolution
	EndGlobalSection
	GlobalSection(ProjectConfiguration) = postSolution
		{69792033-FAEF-4468-B5C6-94018318DEF0}.Debug.ActiveCfg = Debug|.NET
		{69792033-FAEF-4468-B5C6-94018318DEF0}.Debug.Build.0 = Debug|.NET
		{69792033-FAEF-4468-B5C6-94018318DEF0}.Release.ActiveCfg = Release|.NET
		{69792033-FAEF-4468-B5C6-94018318DEF0}.Release.Build.0 = Release|.NET
	EndGlobalSection
	GlobalSection(ExtensibilityGlobals) = postSolution
	EndGlobalSection
	GlobalSection(ExtensibilityAddIns) = postSolution
	EndGlobalSection
EndGlobal
