
Microsoft Visual Studio Solution File, Format Version 9.00
# Visual Studio 2005
Project("{FAE04EC0-301F-11D3-BF4B-00C04F79EFBC}") = "HelloWorld_2005", "HelloWorld_2005.csproj", "{CFCDAD8D-3B4E-4DA0-8C87-2E403E4A3500}"
EndProject
Global
	GlobalSection(SolutionConfigurationPlatforms) = preSolution
		Debug|Any CPU = Debug|Any CPU
		Debug-Xml|Any CPU = Debug-Xml|Any CPU
		Release|Any CPU = Release|Any CPU
		Release-Xml|Any CPU = Release-Xml|Any CPU
	EndGlobalSection
	GlobalSection(ProjectConfigurationPlatforms) = postSolution
		{CFCDAD8D-3B4E-4DA0-8C87-2E403E4A3500}.Debug|Any CPU.ActiveCfg = Debug|Any CPU
		{CFCDAD8D-3B4E-4DA0-8C87-2E403E4A3500}.Debug|Any CPU.Build.0 = Debug|Any CPU
		{CFCDAD8D-3B4E-4DA0-8C87-2E403E4A3500}.Debug-Xml|Any CPU.ActiveCfg = Debug|Any CPU
		{CFCDAD8D-3B4E-4DA0-8C87-2E403E4A3500}.Debug-Xml|Any CPU.Build.0 = Debug|Any CPU
		{CFCDAD8D-3B4E-4DA0-8C87-2E403E4A3500}.Release|Any CPU.ActiveCfg = Release|Any CPU
		{CFCDAD8D-3B4E-4DA0-8C87-2E403E4A3500}.Release|Any CPU.Build.0 = Release|Any CPU
		{CFCDAD8D-3B4E-4DA0-8C87-2E403E4A3500}.Release-Xml|Any CPU.ActiveCfg = Release|Any CPU
		{CFCDAD8D-3B4E-4DA0-8C87-2E403E4A3500}.Release-Xml|Any CPU.Build.0 = Release|Any CPU
	EndGlobalSection
	GlobalSection(SolutionProperties) = preSolution
		HideSolutionNode = FALSE
	EndGlobalSection
EndGlobal
