
Microsoft Visual Studio Solution File, Format Version 10.00
# Visual Studio 2008
Project("{FAE04EC0-301F-11D3-BF4B-00C04F79EFBC}") = "HelloWorld_2008", "HelloWorld_2008.csproj", "{84BECE97-5819-4A15-921E-E4BFD1350861}"
EndProject
Global
	GlobalSection(SolutionConfigurationPlatforms) = preSolution
		Debug|Any CPU = Debug|Any CPU
		Debug-XML|Any CPU = Debug-XML|Any CPU
		Release|Any CPU = Release|Any CPU
		Release-XML|Any CPU = Release-XML|Any CPU
	EndGlobalSection
	GlobalSection(ProjectConfigurationPlatforms) = postSolution
		{84BECE97-5819-4A15-921E-E4BFD1350861}.Debug|Any CPU.ActiveCfg = Debug|Any CPU
		{84BECE97-5819-4A15-921E-E4BFD1350861}.Debug|Any CPU.Build.0 = Debug|Any CPU
		{84BECE97-5819-4A15-921E-E4BFD1350861}.Debug-XML|Any CPU.ActiveCfg = Debug|Any CPU
		{84BECE97-5819-4A15-921E-E4BFD1350861}.Debug-XML|Any CPU.Build.0 = Debug|Any CPU
		{84BECE97-5819-4A15-921E-E4BFD1350861}.Release|Any CPU.ActiveCfg = Release|Any CPU
		{84BECE97-5819-4A15-921E-E4BFD1350861}.Release|Any CPU.Build.0 = Release|Any CPU
		{84BECE97-5819-4A15-921E-E4BFD1350861}.Release-XML|Any CPU.ActiveCfg = Release|Any CPU
		{84BECE97-5819-4A15-921E-E4BFD1350861}.Release-XML|Any CPU.Build.0 = Release|Any CPU
	EndGlobalSection
	GlobalSection(SolutionProperties) = preSolution
		HideSolutionNode = FALSE
	EndGlobalSection
EndGlobal
