
Microsoft Visual Studio Solution File, Format Version 9.00
# Visual Studio 2005
Project("{FAE04EC0-301F-11D3-BF4B-00C04F79EFBC}") = "CrossingDemo_2005", "CrossingDemo_2005.csproj", "{FA572E15-AF8F-47A6-B48F-A11602A43C18}"
EndProject
Global
	GlobalSection(SolutionConfigurationPlatforms) = preSolution
		Debug|Any CPU = Debug|Any CPU
		Release|Any CPU = Release|Any CPU
	EndGlobalSection
	GlobalSection(ProjectConfigurationPlatforms) = postSolution
		{FA572E15-AF8F-47A6-B48F-A11602A43C18}.Debug|Any CPU.ActiveCfg = Debug|Any CPU
		{FA572E15-AF8F-47A6-B48F-A11602A43C18}.Debug|Any CPU.Build.0 = Debug|Any CPU
		{FA572E15-AF8F-47A6-B48F-A11602A43C18}.Release|Any CPU.ActiveCfg = Release|Any CPU
		{FA572E15-AF8F-47A6-B48F-A11602A43C18}.Release|Any CPU.Build.0 = Release|Any CPU
	EndGlobalSection
	GlobalSection(SolutionProperties) = preSolution
		HideSolutionNode = FALSE
	EndGlobalSection
EndGlobal
