Microsoft Visual Studio Solution File, Format Version 9.00
# Visual Studio 2005
Project("{FAE04EC0-301F-11D3-BF4B-00C04F79EFBC}") = "GridPopulationSample_2005", "GridPopulationSample_2005.csproj", "{DDBA32DA-D499-4E8A-BF1A-9622176AEAC9}"
EndProject
Global
	GlobalSection(SolutionConfiguration) = preSolution
		ConfigName.0 = Debug
		ConfigName.1 = Release
	EndGlobalSection
	GlobalSection(ProjectDependencies) = postSolution
	EndGlobalSection
	GlobalSection(ProjectConfiguration) = postSolution
		{DDBA32DA-D499-4E8A-BF1A-9622176AEAC9}.Debug.ActiveCfg = Debug|.NET
		{DDBA32DA-D499-4E8A-BF1A-9622176AEAC9}.Debug.Build.0 = Debug|.NET
		{DDBA32DA-D499-4E8A-BF1A-9622176AEAC9}.Release.ActiveCfg = Release|.NET
		{DDBA32DA-D499-4E8A-BF1A-9622176AEAC9}.Release.Build.0 = Release|.NET
	EndGlobalSection
	GlobalSection(ExtensibilityGlobals) = postSolution
	EndGlobalSection
	GlobalSection(ExtensibilityAddIns) = postSolution
	EndGlobalSection
EndGlobal
