
Microsoft Visual Studio Solution File, Format Version 12.00
# Visual Studio 2012
Project("{FAE04EC0-301F-11D3-BF4B-00C04F79EFBC}") = "GDBGcombos_2012", "GDBGcombos_2012.csproj", "{CEA2A29C-8895-4504-A3AB-787B9DF2446E}"
EndProject
Global
	GlobalSection(SolutionConfigurationPlatforms) = preSolution
		Debug|Any CPU = Debug|Any CPU
		Release|Any CPU = Release|Any CPU
	EndGlobalSection
	GlobalSection(ProjectConfigurationPlatforms) = postSolution
		{CEA2A29C-8895-4504-A3AB-787B9DF2446E}.Debug|Any CPU.ActiveCfg = Debug|Any CPU
		{CEA2A29C-8895-4504-A3AB-787B9DF2446E}.Debug|Any CPU.Build.0 = Debug|Any CPU
		{CEA2A29C-8895-4504-A3AB-787B9DF2446E}.Release|Any CPU.ActiveCfg = Release|Any CPU
		{CEA2A29C-8895-4504-A3AB-787B9DF2446E}.Release|Any CPU.Build.0 = Release|Any CPU
	EndGlobalSection
	GlobalSection(SolutionProperties) = preSolution
		HideSolutionNode = FALSE
	EndGlobalSection
EndGlobal
