Microsoft Visual Studio Solution File, Format Version 11.00
# Visual Studio 2010
Project("{FAE04EC0-301F-11D3-BF4B-00C04F79EFBC}") = "GDBGcombos_2010", "GDBGcombos_2010.csproj", "{CEA2A29C-8895-4504-A3AB-787B9DF2446E}"
EndProject
Global
	GlobalSection(SolutionConfiguration) = preSolution
		ConfigName.0 = Debug
		ConfigName.1 = Release
	EndGlobalSection
	GlobalSection(ProjectDependencies) = postSolution
	EndGlobalSection
	GlobalSection(ProjectConfiguration) = postSolution
		{CEA2A29C-8895-4504-A3AB-787B9DF2446E}.Debug.ActiveCfg = Debug|.NET
		{CEA2A29C-8895-4504-A3AB-787B9DF2446E}.Debug.Build.0 = Debug|.NET
		{CEA2A29C-8895-4504-A3AB-787B9DF2446E}.Release.ActiveCfg = Release|.NET
		{CEA2A29C-8895-4504-A3AB-787B9DF2446E}.Release.Build.0 = Release|.NET
	EndGlobalSection
	GlobalSection(ExtensibilityGlobals) = postSolution
	EndGlobalSection
	GlobalSection(ExtensibilityAddIns) = postSolution
	EndGlobalSection
EndGlobal
