
Microsoft Visual Studio Solution File, Format Version 12.00
# Visual Studio 2013
VisualStudioVersion = 12.0.21005.1
MinimumVisualStudioVersion = 10.0.40219.1
Project("{FAE04EC0-301F-11D3-BF4B-00C04F79EFBC}") = "CarsSigmoid", "CarsSigmoid.csproj", "{8FE8B9F4-77C7-41C2-A5BA-602C04DF0062}"
EndProject
Global
	GlobalSection(SolutionConfigurationPlatforms) = preSolution
		Debug|Any CPU = Debug|Any CPU
		Release|Any CPU = Release|Any CPU
	EndGlobalSection
	GlobalSection(ProjectConfigurationPlatforms) = postSolution
		{8FE8B9F4-77C7-41C2-A5BA-602C04DF0062}.Debug|Any CPU.ActiveCfg = Debug|Any CPU
		{8FE8B9F4-77C7-41C2-A5BA-602C04DF0062}.Debug|Any CPU.Build.0 = Debug|Any CPU
		{8FE8B9F4-77C7-41C2-A5BA-602C04DF0062}.Release|Any CPU.ActiveCfg = Release|Any CPU
		{8FE8B9F4-77C7-41C2-A5BA-602C04DF0062}.Release|Any CPU.Build.0 = Release|Any CPU
	EndGlobalSection
	GlobalSection(SolutionProperties) = preSolution
		HideSolutionNode = FALSE
	EndGlobalSection
EndGlobal
