
Microsoft Visual Studio Solution File, Format Version 12.00
# Visual Studio 2013
VisualStudioVersion = 12.0.21005.1
MinimumVisualStudioVersion = 10.0.40219.1
Project("{FAE04EC0-301F-11D3-BF4B-00C04F79EFBC}") = "Bfeed Coxph", "Bfeed Coxph.csproj", "{5F22F5B0-EBC7-4645-94A1-433438F406F7}"
EndProject
Global
	GlobalSection(SolutionConfigurationPlatforms) = preSolution
		Debug|Any CPU = Debug|Any CPU
		Release|Any CPU = Release|Any CPU
	EndGlobalSection
	GlobalSection(ProjectConfigurationPlatforms) = postSolution
		{5F22F5B0-EBC7-4645-94A1-433438F406F7}.Debug|Any CPU.ActiveCfg = Debug|Any CPU
		{5F22F5B0-EBC7-4645-94A1-433438F406F7}.Debug|Any CPU.Build.0 = Debug|Any CPU
		{5F22F5B0-EBC7-4645-94A1-433438F406F7}.Release|Any CPU.ActiveCfg = Release|Any CPU
		{5F22F5B0-EBC7-4645-94A1-433438F406F7}.Release|Any CPU.Build.0 = Release|Any CPU
	EndGlobalSection
	GlobalSection(SolutionProperties) = preSolution
		HideSolutionNode = FALSE
	EndGlobalSection
EndGlobal
