Microsoft Visual Studio Solution File, Format Version 9.00
# Visual Studio 2005
Project("{FAE04EC0-301F-11D3-BF4B-00C04F79EFBC}") = "ComboBoxBaseGridDemo_2005", "ComboBoxBaseGridDemo_2005.csproj", "{424640A5-575A-4E0A-8925-91156FBB6BBD}"
EndProject
Global
	GlobalSection(SolutionConfiguration) = preSolution
		ConfigName.0 = Debug
		ConfigName.1 = Release
	EndGlobalSection
	GlobalSection(ProjectDependencies) = postSolution
	EndGlobalSection
	GlobalSection(ProjectConfiguration) = postSolution
		{424640A5-575A-4E0A-8925-91156FBB6BBD}.Debug.ActiveCfg = Debug|.NET
		{424640A5-575A-4E0A-8925-91156FBB6BBD}.Debug.Build.0 = Debug|.NET
		{424640A5-575A-4E0A-8925-91156FBB6BBD}.Release.ActiveCfg = Release|.NET
		{424640A5-575A-4E0A-8925-91156FBB6BBD}.Release.Build.0 = Release|.NET
	EndGlobalSection
	GlobalSection(ExtensibilityGlobals) = postSolution
	EndGlobalSection
	GlobalSection(ExtensibilityAddIns) = postSolution
	EndGlobalSection
EndGlobal
