
Microsoft Visual Studio Solution File, Format Version 9.00
# Visual Studio 2005
Project("{FAE04EC0-301F-11D3-BF4B-00C04F79EFBC}") = "RadialTreeLayout_2005", "RadialTreeLayout_2005.csproj", "{B91C8E64-D147-465C-8EAD-7048A81FEF31}"
EndProject
Global
	GlobalSection(SolutionConfigurationPlatforms) = preSolution
		Debug|Any CPU = Debug|Any CPU
		Release|Any CPU = Release|Any CPU
	EndGlobalSection
	GlobalSection(ProjectConfigurationPlatforms) = postSolution
		{B91C8E64-D147-465C-8EAD-7048A81FEF31}.Debug|Any CPU.ActiveCfg = Debug|Any CPU
		{B91C8E64-D147-465C-8EAD-7048A81FEF31}.Debug|Any CPU.Build.0 = Debug|Any CPU
		{B91C8E64-D147-465C-8EAD-7048A81FEF31}.Release|Any CPU.ActiveCfg = Release|Any CPU
		{B91C8E64-D147-465C-8EAD-7048A81FEF31}.Release|Any CPU.Build.0 = Release|Any CPU
	EndGlobalSection
	GlobalSection(SolutionProperties) = preSolution
		HideSolutionNode = FALSE
	EndGlobalSection
EndGlobal
