Microsoft Visual Studio Solution File, Format Version 9.00
# Visual Studio 2005
Project("{FAE04EC0-301F-11D3-BF4B-00C04F79EFBC}") = "ControlBars_2005", "ControlBars_2005.csproj", "{E925BBAE-AEB2-44A1-B497-DFD15633F942}"
EndProject
Global
	GlobalSection(SolutionConfiguration) = preSolution
		ConfigName.0 = Debug
		ConfigName.1 = Release
	EndGlobalSection
	GlobalSection(ProjectDependencies) = postSolution
	EndGlobalSection
	GlobalSection(ProjectConfiguration) = postSolution
		{E925BBAE-AEB2-44A1-B497-DFD15633F942}.Debug.ActiveCfg = Debug|.NET
		{E925BBAE-AEB2-44A1-B497-DFD15633F942}.Debug.Build.0 = Debug|.NET
		{E925BBAE-AEB2-44A1-B497-DFD15633F942}.Release.ActiveCfg = Release|.NET
		{E925BBAE-AEB2-44A1-B497-DFD15633F942}.Release.Build.0 = Release|.NET
	EndGlobalSection
	GlobalSection(ExtensibilityGlobals) = postSolution
	EndGlobalSection
	GlobalSection(ExtensibilityAddIns) = postSolution
	EndGlobalSection
EndGlobal
