Microsoft Visual Studio Solution File, Format Version 9.00
# Visual Studio 2005
Project("{FAE04EC0-301F-11D3-BF4B-00C04F79EFBC}") = "PrintAsBitmap_2005", "PrintAsBitmap_2005.csproj", "{F7FE53DE-E8B6-40CA-B3F5-B6B78DB0C543}"
EndProject
Global
	GlobalSection(SolutionConfiguration) = preSolution
		ConfigName.0 = Debug
		ConfigName.1 = Release
	EndGlobalSection
	GlobalSection(ProjectDependencies) = postSolution
	EndGlobalSection
	GlobalSection(ProjectConfiguration) = postSolution
		{F7FE53DE-E8B6-40CA-B3F5-B6B78DB0C543}.Debug.ActiveCfg = Debug|.NET
		{F7FE53DE-E8B6-40CA-B3F5-B6B78DB0C543}.Debug.Build.0 = Debug|.NET
		{F7FE53DE-E8B6-40CA-B3F5-B6B78DB0C543}.Release.ActiveCfg = Release|.NET
		{F7FE53DE-E8B6-40CA-B3F5-B6B78DB0C543}.Release.Build.0 = Release|.NET
	EndGlobalSection
	GlobalSection(ExtensibilityGlobals) = postSolution
	EndGlobalSection
	GlobalSection(ExtensibilityAddIns) = postSolution
	EndGlobalSection
EndGlobal
