
Microsoft Visual Studio Solution File, Format Version 9.00
# Visual Studio 2005
Project("{FAE04EC0-301F-11D3-BF4B-00C04F79EFBC}") = "SparklinesWithGrid_2005", "SparklinesWithGrid_2005.csproj", "{F8148C48-51EF-4B94-B844-6B31905EEC81}"
EndProject
Global
	GlobalSection(SolutionConfigurationPlatforms) = preSolution
		Debug|Any CPU = Debug|Any CPU
		Release|Any CPU = Release|Any CPU
	EndGlobalSection
	GlobalSection(ProjectConfigurationPlatforms) = postSolution
		{F8148C48-51EF-4B94-B844-6B31905EEC81}.Debug|Any CPU.ActiveCfg = Debug|Any CPU
		{F8148C48-51EF-4B94-B844-6B31905EEC81}.Debug|Any CPU.Build.0 = Debug|Any CPU
		{F8148C48-51EF-4B94-B844-6B31905EEC81}.Release|Any CPU.ActiveCfg = Release|Any CPU
		{F8148C48-51EF-4B94-B844-6B31905EEC81}.Release|Any CPU.Build.0 = Release|Any CPU
	EndGlobalSection
	GlobalSection(SolutionProperties) = preSolution
		HideSolutionNode = FALSE
	EndGlobalSection
EndGlobal
