Microsoft Visual Studio Solution File, Format Version 9.00
# Visual Studio 2005
Project("{FAE04EC0-301F-11D3-BF4B-00C04F79EFBC}") = "RepeaterUserControlSample_2005", "RepeaterUserControlSample_2005.csproj", "{ADED41E4-BB10-4226-AF90-83D487AEC9D4}"
EndProject
Global
	GlobalSection(DevPartner Solution Properties) = postSolution
	EndGlobalSection
	GlobalSection(SolutionConfiguration) = preSolution
		ConfigName.0 = Debug
		ConfigName.1 = Release
	EndGlobalSection
	GlobalSection(ProjectDependencies) = postSolution
	EndGlobalSection
	GlobalSection(ProjectConfiguration) = postSolution
		{ADED41E4-BB10-4226-AF90-83D487AEC9D4}.Debug.ActiveCfg = Debug|.NET
		{ADED41E4-BB10-4226-AF90-83D487AEC9D4}.Debug.Build.0 = Debug|.NET
		{ADED41E4-BB10-4226-AF90-83D487AEC9D4}.Release.ActiveCfg = Release|.NET
		{ADED41E4-BB10-4226-AF90-83D487AEC9D4}.Release.Build.0 = Release|.NET
	EndGlobalSection
	GlobalSection(ExtensibilityGlobals) = postSolution
	EndGlobalSection
	GlobalSection(ExtensibilityAddIns) = postSolution
	EndGlobalSection
EndGlobal
