
Microsoft Visual Studio Solution File, Format Version 9.00
# Visual Studio 2005
Project("{FAE04EC0-301F-11D3-BF4B-00C04F79EFBC}") = "Layer_2005", "Layer_2005.csproj", "{BEA4D325-5130-4011-ACF9-CC1ABF781053}"
EndProject
Global
	GlobalSection(SolutionConfigurationPlatforms) = preSolution
		Debug|Any CPU = Debug|Any CPU
		Release|Any CPU = Release|Any CPU
	EndGlobalSection
	GlobalSection(ProjectConfigurationPlatforms) = postSolution
		{BEA4D325-5130-4011-ACF9-CC1ABF781053}.Debug|Any CPU.ActiveCfg = Debug|Any CPU
		{BEA4D325-5130-4011-ACF9-CC1ABF781053}.Debug|Any CPU.Build.0 = Debug|Any CPU
		{BEA4D325-5130-4011-ACF9-CC1ABF781053}.Release|Any CPU.ActiveCfg = Release|Any CPU
		{BEA4D325-5130-4011-ACF9-CC1ABF781053}.Release|Any CPU.Build.0 = Release|Any CPU
	EndGlobalSection
	GlobalSection(SolutionProperties) = preSolution
		HideSolutionNode = FALSE
	EndGlobalSection
EndGlobal
