Microsoft Visual Studio Solution File, Format Version 9.00
# Visual Studio 2005
Project("{FAE04EC0-301F-11D3-BF4B-00C04F79EFBC}") = "GridDataBoundImages_2005", "GridDataBoundImages_2005.csproj", "{3521F07F-DE0C-4BC0-A1E2-C010A5AFF2E0}"
EndProject
Global
	GlobalSection(SolutionConfiguration) = preSolution
		ConfigName.0 = Debug
		ConfigName.1 = Release
	EndGlobalSection
	GlobalSection(ProjectDependencies) = postSolution
	EndGlobalSection
	GlobalSection(ProjectConfiguration) = postSolution
		{3521F07F-DE0C-4BC0-A1E2-C010A5AFF2E0}.Debug.ActiveCfg = Debug|.NET
		{3521F07F-DE0C-4BC0-A1E2-C010A5AFF2E0}.Debug.Build.0 = Debug|.NET
		{3521F07F-DE0C-4BC0-A1E2-C010A5AFF2E0}.Release.ActiveCfg = Release|.NET
		{3521F07F-DE0C-4BC0-A1E2-C010A5AFF2E0}.Release.Build.0 = Release|.NET
	EndGlobalSection
	GlobalSection(ExtensibilityGlobals) = postSolution
	EndGlobalSection
	GlobalSection(ExtensibilityAddIns) = postSolution
	EndGlobalSection
EndGlobal
