Microsoft Visual Studio Solution File, Format Version 10.00
# Visual Studio 2008
Project("{FAE04EC0-301F-11D3-BF4B-00C04F79EFBC}") = "DataGridCalculator_2008", "DataGridCalculator_2008.csproj", "{1F035884-40B2-40F2-A951-9F92D061C7FB}"
EndProject
Project("{FAE04EC0-301F-11D3-BF4B-00C04F79EFBC}") = "Grid2008", "Grid\Grid2008.csproj", "{2E24938E-6EB5-4432-A0A6-1F4234318977}"
EndProject
Global
	GlobalSection(SolutionConfiguration) = preSolution
		ConfigName.0 = Debug
		ConfigName.1 = Release
	EndGlobalSection
	GlobalSection(ProjectDependencies) = postSolution
	EndGlobalSection
	GlobalSection(ProjectConfiguration) = postSolution
		{1F035884-40B2-40F2-A951-9F92D061C7FB}.Debug.ActiveCfg = Debug|.NET
		{1F035884-40B2-40F2-A951-9F92D061C7FB}.Debug.Build.0 = Debug|.NET
		{1F035884-40B2-40F2-A951-9F92D061C7FB}.Release.ActiveCfg = Release|.NET
		{1F035884-40B2-40F2-A951-9F92D061C7FB}.Release.Build.0 = Release|.NET
	EndGlobalSection
	GlobalSection(ExtensibilityGlobals) = postSolution
	EndGlobalSection
	GlobalSection(ExtensibilityAddIns) = postSolution
	EndGlobalSection
EndGlobal
