Microsoft Visual Studio Solution File, Format Version 10.00
# Visual Studio 2008
Project("{FAE04EC0-301F-11D3-BF4B-00C04F79EFBC}") = "HeaderAndFooter_2008", "HeaderAndFooter_2008.csproj", "{378EEB97-8263-4B71-A5F9-8FDAA3CF680C}"
EndProject
Global
	GlobalSection(SolutionConfigurationPlatforms) = preSolution
		Debug|Any CPU = Debug|Any CPU
		Release|Any CPU = Release|Any CPU
	EndGlobalSection
	GlobalSection(ProjectConfigurationPlatforms) = postSolution
		{378EEB97-8263-4B71-A5F9-8FDAA3CF680C}.Debug|Any CPU.ActiveCfg = Debug|Any CPU
		{378EEB97-8263-4B71-A5F9-8FDAA3CF680C}.Debug|Any CPU.Build.0 = Debug|Any CPU
		{378EEB97-8263-4B71-A5F9-8FDAA3CF680C}.Release|Any CPU.ActiveCfg = Release|Any CPU
		{378EEB97-8263-4B71-A5F9-8FDAA3CF680C}.Release|Any CPU.Build.0 = Release|Any CPU
	EndGlobalSection
	GlobalSection(SolutionProperties) = preSolution
		HideSolutionNode = FALSE
	EndGlobalSection
EndGlobal
