Microsoft Visual Studio Solution File, Format Version 9.00
# Visual Studio 2005
Project("{FAE04EC0-301F-11D3-BF4B-00C04F79EFBC}") = "HelloWorld_2005", "HelloWorld_2005.csproj", "{13D17BB6-3AAD-49FC-B9F4-9F87ED1443C8}"
EndProject
Global
	GlobalSection(SolutionConfiguration) = preSolution
		ConfigName.0 = Debug
		ConfigName.1 = Release
	EndGlobalSection
	GlobalSection(ProjectDependencies) = postSolution
	EndGlobalSection
	GlobalSection(ProjectConfiguration) = postSolution
		{13D17BB6-3AAD-49FC-B9F4-9F87ED1443C8}.Debug.ActiveCfg = Debug|.NET
		{13D17BB6-3AAD-49FC-B9F4-9F87ED1443C8}.Debug.Build.0 = Debug|.NET
		{13D17BB6-3AAD-49FC-B9F4-9F87ED1443C8}.Release.ActiveCfg = Release|.NET
		{13D17BB6-3AAD-49FC-B9F4-9F87ED1443C8}.Release.Build.0 = Release|.NET
	EndGlobalSection
	GlobalSection(ExtensibilityGlobals) = postSolution
	EndGlobalSection
	GlobalSection(ExtensibilityAddIns) = postSolution
	EndGlobalSection
EndGlobal
