Microsoft Visual Studio Solution File, Format Version 9.00
# Visual Studio 2005
Project("{FAE04EC0-301F-11D3-BF4B-00C04F79EFBC}") = "GridLinkLabel_2005", "GridLinkLabel_2005.csproj", "{3F991D93-7E9F-47E7-8F0E-5685952315D1}"
EndProject
Global
	GlobalSection(SolutionConfiguration) = preSolution
		ConfigName.0 = Debug
		ConfigName.1 = Release
	EndGlobalSection
	GlobalSection(ProjectDependencies) = postSolution
	EndGlobalSection
	GlobalSection(ProjectConfiguration) = postSolution
		{3F991D93-7E9F-47E7-8F0E-5685952315D1}.Debug.ActiveCfg = Debug|.NET
		{3F991D93-7E9F-47E7-8F0E-5685952315D1}.Debug.Build.0 = Debug|.NET
		{3F991D93-7E9F-47E7-8F0E-5685952315D1}.Release.ActiveCfg = Release|.NET
		{3F991D93-7E9F-47E7-8F0E-5685952315D1}.Release.Build.0 = Release|.NET
	EndGlobalSection
	GlobalSection(ExtensibilityGlobals) = postSolution
	EndGlobalSection
	GlobalSection(ExtensibilityAddIns) = postSolution
	EndGlobalSection
EndGlobal
