Microsoft Visual Studio Solution File, Format Version 9.00
# Visual Studio 2005
Project("{FAE04EC0-301F-11D3-BF4B-00C04F79EFBC}") = "VirtualGrid_2005", "VirtualGrid_2005.csproj", "{4B633716-AF4A-4E31-ABF6-0B3DFC66525F}"
EndProject
Global
	GlobalSection(SolutionConfiguration) = preSolution
		ConfigName.0 = Debug
		ConfigName.1 = Release
	EndGlobalSection
	GlobalSection(ProjectDependencies) = postSolution
	EndGlobalSection
	GlobalSection(ProjectConfiguration) = postSolution
		{4B633716-AF4A-4E31-ABF6-0B3DFC66525F}.Debug.ActiveCfg = Debug|.NET
		{4B633716-AF4A-4E31-ABF6-0B3DFC66525F}.Debug.Build.0 = Debug|.NET
		{4B633716-AF4A-4E31-ABF6-0B3DFC66525F}.Release.ActiveCfg = Release|.NET
		{4B633716-AF4A-4E31-ABF6-0B3DFC66525F}.Release.Build.0 = Release|.NET
	EndGlobalSection
	GlobalSection(ExtensibilityGlobals) = postSolution
	EndGlobalSection
	GlobalSection(ExtensibilityAddIns) = postSolution
	EndGlobalSection
EndGlobal
