Microsoft Visual Studio Solution File, Format Version 10.00
# Visual Studio 2008
Project("{FAE04EC0-301F-11D3-BF4B-00C04F79EFBC}") = "XPMenusSDI_2008", "XPMenusSDI_2008.csproj", "{59237451-2E47-47B2-B4A3-D845FA8E4747}"
EndProject
Global
	GlobalSection(SolutionConfiguration) = preSolution
		ConfigName.0 = Debug
		ConfigName.1 = Release
	EndGlobalSection
	GlobalSection(ProjectDependencies) = postSolution
	EndGlobalSection
	GlobalSection(ProjectConfiguration) = postSolution
		{59237451-2E47-47B2-B4A3-D845FA8E4747}.Debug.ActiveCfg = Debug|.NET
		{59237451-2E47-47B2-B4A3-D845FA8E4747}.Debug.Build.0 = Debug|.NET
		{59237451-2E47-47B2-B4A3-D845FA8E4747}.Release.ActiveCfg = Release|.NET
		{59237451-2E47-47B2-B4A3-D845FA8E4747}.Release.Build.0 = Release|.NET
	EndGlobalSection
	GlobalSection(ExtensibilityGlobals) = postSolution
	EndGlobalSection
	GlobalSection(ExtensibilityAddIns) = postSolution
	EndGlobalSection
EndGlobal
