
Microsoft Visual Studio Solution File, Format Version 11.00
# Visual Studio 2010
Project("{FAE04EC0-301F-11D3-BF4B-00C04F79EFBC}") = "CellCommentTips_2010", "CellCommentTips_2010.csproj", "{96D30DF2-1B45-4482-8943-F5BD72CE6AB6}"
EndProject
Project("{FAE04EC0-301F-11D3-BF4B-00C04F79EFBC}") = "ExcelTipDll_2010", "ExcelTipDll\ExcelTipDll_2010.csproj", "{6850126D-B5AC-4FD0-AF2A-F2152BA6CF23}"
EndProject
Global
	GlobalSection(SolutionConfigurationPlatforms) = preSolution
		Debug|Any CPU = Debug|Any CPU
		Release|Any CPU = Release|Any CPU
	EndGlobalSection
	GlobalSection(ProjectConfigurationPlatforms) = postSolution
		{96D30DF2-1B45-4482-8943-F5BD72CE6AB6}.Debug|Any CPU.ActiveCfg = Debug|Any CPU
		{96D30DF2-1B45-4482-8943-F5BD72CE6AB6}.Debug|Any CPU.Build.0 = Debug|Any CPU
		{96D30DF2-1B45-4482-8943-F5BD72CE6AB6}.Release|Any CPU.ActiveCfg = Release|Any CPU
		{96D30DF2-1B45-4482-8943-F5BD72CE6AB6}.Release|Any CPU.Build.0 = Release|Any CPU
		{6850126D-B5AC-4FD0-AF2A-F2152BA6CF23}.Debug|Any CPU.ActiveCfg = Debug|Any CPU
		{6850126D-B5AC-4FD0-AF2A-F2152BA6CF23}.Debug|Any CPU.Build.0 = Debug|Any CPU
		{6850126D-B5AC-4FD0-AF2A-F2152BA6CF23}.Release|Any CPU.ActiveCfg = Release|Any CPU
		{6850126D-B5AC-4FD0-AF2A-F2152BA6CF23}.Release|Any CPU.Build.0 = Release|Any CPU
	EndGlobalSection
	GlobalSection(SolutionProperties) = preSolution
		HideSolutionNode = FALSE
	EndGlobalSection
EndGlobal
