Microsoft Visual Studio Solution File, Format Version 9.00
# Visual Studio 2005
Project("{FAE04EC0-301F-11D3-BF4B-00C04F79EFBC}") = "FilteredDataSample_2005", "FilteredDataSample_2005.csproj", "{25C62B5B-DBA9-4892-88FD-2A058DD69F14}"
EndProject
Global
	GlobalSection(SolutionConfiguration) = preSolution
		ConfigName.0 = Debug
		ConfigName.1 = Release
	EndGlobalSection
	GlobalSection(ProjectDependencies) = postSolution
	EndGlobalSection
	GlobalSection(ProjectConfiguration) = postSolution
		{25C62B5B-DBA9-4892-88FD-2A058DD69F14}.Debug.ActiveCfg = Debug|.NET
		{25C62B5B-DBA9-4892-88FD-2A058DD69F14}.Debug.Build.0 = Debug|.NET
		{25C62B5B-DBA9-4892-88FD-2A058DD69F14}.Release.ActiveCfg = Release|.NET
		{25C62B5B-DBA9-4892-88FD-2A058DD69F14}.Release.Build.0 = Release|.NET
	EndGlobalSection
	GlobalSection(ExtensibilityGlobals) = postSolution
	EndGlobalSection
	GlobalSection(ExtensibilityAddIns) = postSolution
	EndGlobalSection
EndGlobal
