Microsoft Visual Studio Solution File, Format Version 9.00
# Visual Studio 2005
Project("{FAE04EC0-301F-11D3-BF4B-00C04F79EFBC}") = "ChartRecorderSample_2005", "ChartRecorderSample_2005.csproj", "{29A69352-A91B-4141-B059-626BA91C0870}"
EndProject
Global
	GlobalSection(SolutionConfiguration) = preSolution
		ConfigName.0 = Debug
		ConfigName.1 = Release
	EndGlobalSection
	GlobalSection(ProjectDependencies) = postSolution
	EndGlobalSection
	GlobalSection(ProjectConfiguration) = postSolution
		{29A69352-A91B-4141-B059-626BA91C0870}.Debug.ActiveCfg = Debug|.NET
		{29A69352-A91B-4141-B059-626BA91C0870}.Debug.Build.0 = Debug|.NET
		{29A69352-A91B-4141-B059-626BA91C0870}.Release.ActiveCfg = Release|.NET
		{29A69352-A91B-4141-B059-626BA91C0870}.Release.Build.0 = Release|.NET
	EndGlobalSection
	GlobalSection(ExtensibilityGlobals) = postSolution
	EndGlobalSection
	GlobalSection(ExtensibilityAddIns) = postSolution
	EndGlobalSection
EndGlobal
