
Microsoft Visual Studio Solution File, Format Version 10.00
# Visual Studio 2008
Project("{FAE04EC0-301F-11D3-BF4B-00C04F79EFBC}") = "Barcode_2008", "Barcode_2008.csproj", "{460D11FA-89E5-4130-B298-3FB3B7574691}"
EndProject
Global
	GlobalSection(SolutionConfigurationPlatforms) = preSolution
		Debug|Any CPU = Debug|Any CPU
		Release|Any CPU = Release|Any CPU
	EndGlobalSection
	GlobalSection(ProjectConfigurationPlatforms) = postSolution
		{460D11FA-89E5-4130-B298-3FB3B7574691}.Debug|Any CPU.ActiveCfg = Debug|Any CPU
		{460D11FA-89E5-4130-B298-3FB3B7574691}.Debug|Any CPU.Build.0 = Debug|Any CPU
		{460D11FA-89E5-4130-B298-3FB3B7574691}.Release|Any CPU.ActiveCfg = Release|Any CPU
		{460D11FA-89E5-4130-B298-3FB3B7574691}.Release|Any CPU.Build.0 = Release|Any CPU
	EndGlobalSection
	GlobalSection(SolutionProperties) = preSolution
		HideSolutionNode = FALSE
	EndGlobalSection
EndGlobal
