
Microsoft Visual Studio Solution File, Format Version 10.00
# Visual Studio 2008
Project("{FAE04EC0-301F-11D3-BF4B-00C04F79EFBC}") = "EnhancedVisualStyleInGDBG_Demo_2008", "EnhancedVisualStyleInGDBG_Demo_2008.csproj", "{F9F32E92-6D4D-49F1-83B7-2EA698B175C5}"
EndProject
Global
	GlobalSection(SolutionConfigurationPlatforms) = preSolution
		Debug|Any CPU = Debug|Any CPU
		Release|Any CPU = Release|Any CPU
	EndGlobalSection
	GlobalSection(ProjectConfigurationPlatforms) = postSolution
		{F9F32E92-6D4D-49F1-83B7-2EA698B175C5}.Debug|Any CPU.ActiveCfg = Debug|Any CPU
		{F9F32E92-6D4D-49F1-83B7-2EA698B175C5}.Debug|Any CPU.Build.0 = Debug|Any CPU
		{F9F32E92-6D4D-49F1-83B7-2EA698B175C5}.Release|Any CPU.ActiveCfg = Release|Any CPU
		{F9F32E92-6D4D-49F1-83B7-2EA698B175C5}.Release|Any CPU.Build.0 = Release|Any CPU
	EndGlobalSection
	GlobalSection(SolutionProperties) = preSolution
		HideSolutionNode = FALSE
	EndGlobalSection
EndGlobal
